# build-env-image.lock: the mica-build-env images, amd64 and arm64, public; generated by publish-images.sh.
IMAGE_MICA_BUILD_BASE=ghcr.io/micaoss/mica-build-env:base.inputs-fdd7372a8c4d1714@sha256:dd065e66379dff77482965ed877a302fb494dfff61b6bcc9804c311b8a1d9ada
IMAGE_MICA_BUILD_C=ghcr.io/micaoss/mica-build-env:c.inputs-bbdccace2058c875@sha256:c8f25d65befeb61a4fd12bb5d5bfe809757b583e8801323454bd1528295e993a
IMAGE_MICA_BUILD_GO=ghcr.io/micaoss/mica-build-env:go.inputs-34564ff50e609f85@sha256:91aa4e8421814e6107ad8e6fc75df645c10f58c05c0a590c127553a755c39d1e
IMAGE_MICA_BUILD_RUST=ghcr.io/micaoss/mica-build-env:rust.inputs-cb013e1e6a87a3e0@sha256:296ce52218c136f708938b4f683bdb00435bc25f9b0fb480440a7d16e227c9a5
