# build-env-image.lock: the mica-build-env images, amd64 and arm64, public; generated by publish-images.sh.
IMAGE_MICA_BUILD_BASE=ghcr.io/micaoss/mica-build-env:base.inputs-0f939a2b0a343a56@sha256:78a16fb31e1c49aaed7668c7d3b7287b962e2855b47001427d13bfb5467f78a9
IMAGE_MICA_BUILD_C=ghcr.io/micaoss/mica-build-env:c.inputs-aec574193a2265bc@sha256:ad2f134ce5d2046da4d5b301c179c7262fe81514c22d901d34ba51deece2e357
IMAGE_MICA_BUILD_GO=ghcr.io/micaoss/mica-build-env:go.inputs-228de34731605b8e@sha256:8c1133185a36d4b2dbe9cce981e0c00bb702c41a3625cdedb86ac495bc28301e
IMAGE_MICA_BUILD_RUST=ghcr.io/micaoss/mica-build-env:rust.inputs-fac2f13c35e17d3f@sha256:f1e671486b1475c224981357bd3b61048818b5cca8dd440cde440b29678528f2
