# mica-lock v1
release	mica-core	20260920-0552	c1a046b188bbc49cdfe7d111c174e54d0761c354
pool	amd64	ghcr.io/micaoss/mica-core:pool.amd64.20260920-0552@sha256:11058eba8b3fd4dc4dcd0025f470f9861794e1e441a91d6ab6d05dd22e2d7d42
pool	arm64	ghcr.io/micaoss/mica-core:pool.arm64.20260920-0552@sha256:096956fa3041dafa55cca12716c00d7536e2f8b9d3a3f085bed0bd69b66f38c0
package	mica-apid	amd64	0.1.0-2	61e0853184f70ecb64bf95eece10bde61bc7b63ca1baa3946fbefa26d7639d93
package	mica-apid	arm64	0.1.0-2	b98754114ea8427b1f98187d894c4717e1269a4d106b5ae13e7aaa6121ebffd2
package	mica-deploy	amd64	0.1.0-3	cfd5fcbcd6662dd678f4aa17611bb0ed9a23c0b430496324f86673f797c33af2
package	mica-deploy	arm64	0.1.0-3	ac72f6693ccdaac2a993d656f0eda15d8a2111e588ddd954dfb86e64852502a5
package	mica-lifecycle	amd64	0.1.0-3	f2e1ddb2be08e16c4d73d0addce5957354ecdaef7c3ae7f7e6cf71090aa03205
package	mica-lifecycle	arm64	0.1.0-3	4b3c9fbfc1c87e486a7d92204cccb342f1d0b75b2a43138b943372094a6e0602
package	mica-mqtt-broker	amd64	0.1.0-1	29da33d6bad01095b243fabad85478b244ab35254b88e50bd75b83c21a7ecba3
package	mica-mqtt-broker	arm64	0.1.0-1	e3e7788bce4643981f3720b422ae658f70ada88b1eec356e3f2a8b9aa2537d34
package	mica-mqttd	amd64	0.1.0-1	4ee77538475a773b4ae95137a8e3a02b3adb67668f6e4604d505ed737bde61a6
package	mica-mqttd	arm64	0.1.0-1	10b22be0dd75340b12b28b51c2d122c431d2ec8708f2fee81b68591f4ff7000c
package	mica-sftp-server	amd64	0.1.0-1	7f753ba3005ed0e62347c944d5386b40514448eb0982ecf862020d746adab246
package	mica-sftp-server	arm64	0.1.0-1	0d63bf29b67639c540eac0e791e1efd153a94bb1af5d19f54bec9bd7ad636327
package	micad	amd64	0.1.0-1	52c5c68b071c0bada7ef9d9ff39c35b6941208ff42138cc1d110c000d1dfbb0c
package	micad	arm64	0.1.0-1	13570a0fd56494d5837027abeacb6d5c492c85b0028be57be729c6a1d02f8c2e
