# mica-lock v1
release	mica-boards	s905x5m.20260920-1536	2bfa259e35bf60786cd1cba2af53fe563fbe2874
pool	arm64	ghcr.io/micaoss/mica-boards:pool.s905x5m.arm64.20260920-1536@sha256:c5eebe54580beb41299e8622b2323deaf11a87ace893bebfce857227e9a5ee3a
package	mica-bluetooth	arm64	0.1.0-2	b4aad99443c136b239453158dc4666e81f4ea1b101dad3a0bc77906d90bc9e7f
package	mica-bm201-front-panel	arm64	0.1.0-5	cd67f305875895fb12d9d3f87d282ab32b53c72ee06f52b56296bf6a9f0ec8ab
package	mica-board-s905x5m	arm64	0.1.0-4	c18c4d12e22e88030404f059596e11c160878959ec28a101d3735b24734dc405
package	mica-s905x5m-bluetooth	arm64	0.1.0-8	43ea442752f4fa0cd4bb30cd5cb5b6ba2896a8e8fa979b606e6932154630a71c
package	mica-s905x5m-wifi	arm64	0.1.0-5	abe5350d4f07aee293827393b096e2cb0a3b02d5fd34aa78dedfbb90909a7251
package	mica-s905x5m-wireless	arm64	0.1.0-5	bd74609f3e697d0d8904c7077e83f8fc69e74f0342cb1a711ed0b2b8eb715955
package	mica-wifi	arm64	0.1.0-2	041821f43b263cb4f23b02b36e5cf1fdd76875d6e4a699b9604891b1e0d5df55
package	mica-wifi-ap	arm64	0.1.0-2	90cd08d996b57663c3169fad40abf1093bf86b2b3043687b7a303ad6b605b2ae
board	s905x5m	board	arm64	ghcr.io/micaoss/mica-boards:board.s905x5m.20260920-1536@sha256:15196f7764fd6744f87bd4b9b8f2ebf441f3a89ca018787179baa99ac1aa7142
board	s905x5m	firmware	arm64	ghcr.io/micaoss/mica-boards:firmware.s905x5m.20260920-1536@sha256:928576b28a17a9010a346e8ed913d303ca7c669d38e834228801e2c09eda0f74
board	s905x5m	kernel	arm64	ghcr.io/micaoss/mica-boards:kernel.s905x5m.20260920-1536@sha256:997ce040ad3ffec946ea9b3ea0fd2a6774a8d3bb5f2502d4069722efe3e761a5
board	s905x5m	uboot	arm64	ghcr.io/micaoss/mica-boards:uboot.s905x5m.20260920-1536@sha256:790af9a9f79be176c63133e69b08f5810c6d040034a3b7f951816eb0dae13d17
