# mica-lock v1
release	mica-boards	virt-arm64/20260915-1926	12564a335a4d7a1f3d9b419d6e47e287aba2d31d
pool	arm64	ghcr.io/micaoss/mica-boards:pool.virt-arm64.arm64.20260915-1926@sha256:41f077a8180ae67ac89ee2cf936bddfea5bb5837e65fcda36226b45d357b3466
package	mica-board-virt-arm64	arm64	0.1.0-1	24f555f692eb55f2f9b38208b46170383fa295dfd4dcbd0e27a3ec9d09cb76c2
board	virt-arm64	board	arm64	ghcr.io/micaoss/mica-boards:board.virt-arm64.20260915-1926@sha256:e0a5f4b9eb1362909b0451809f435273ae199de757c3a3676aba41b88f3c744d
board	virt-arm64	kernel	arm64	ghcr.io/micaoss/mica-boards:kernel.virt-arm64.20260915-1926@sha256:e7bb366da8e0fb0e307d354c322abae792626c3e40e3c7fb8f92682c95b7ca6b
