# mica-lock v1
release	mica-boards	cx3576/20260915-1926	12564a335a4d7a1f3d9b419d6e47e287aba2d31d
pool	arm64	ghcr.io/micaoss/mica-boards:pool.cx3576.arm64.20260915-1926@sha256:c300d3c686a11a2de07f0b6324abd7f42bc3c85c8a11d245216fe2512cc3b47e
package	mica-bluetooth	arm64	0.1.0-1	791af64d9af4e42503ed10ccc1d4d7522ca97a3ad4d571d6aae396950a4fda30
package	mica-board-cx3576	arm64	0.1.0-1	f15287097575da20ff85b5acbed6fdea0d7b31e9451769d61cf95c1d8c26581a
package	mica-wifi	arm64	0.1.0-1	666139160c54c40a832641e2edec5a3f34bd4f46b359772cf738b7da4ca54a79
package	mica-wifi-ap	arm64	0.1.0-1	4f3ff8683cf9d0da7045bf3862ce439a883a367f2c384d9c6db612e7ed873c2e
board	cx3576	board	arm64	ghcr.io/micaoss/mica-boards:board.cx3576.20260915-1926@sha256:751aed7ae8162d97faeb669db8ba700142165cab13d867889d7139cd5a13e683
board	cx3576	firmware	arm64	ghcr.io/micaoss/mica-boards:firmware.cx3576.20260915-1926@sha256:a5bcdf63d3a067a4c32b4194313665d76653f4f0c738aaab07401e001cf9f367
board	cx3576	kernel	arm64	ghcr.io/micaoss/mica-boards:kernel.cx3576.20260915-1926@sha256:7a36a563ec2fe0f6b31baeaa10dbc3bce6f8a13aac1a4967f57137bbd92a7983
board	cx3576	uboot	arm64	ghcr.io/micaoss/mica-boards:uboot.cx3576.20260915-1926@sha256:6ec563978fb7aacf16a981031263fdc64a5b78c19bce592c03d59a45a3a22c23
