# mica-lock v1
# mica-podman.lock: mica-podman 20260915-1057, written when the release was published.
release	mica-podman	20260915-1057	d47ffbc8e67b4f45ab44a263725c3912d21a1491
pool	amd64	ghcr.io/micaoss/mica-podman:pool.amd64.20260915-1057@sha256:4163f573fd8570e12a89d22e75bd7ae5c355a89e66c4a1be62197e238ed4f043
pool	arm64	ghcr.io/micaoss/mica-podman:pool.arm64.20260915-1057@sha256:0560c1f092417e38feef8e936f84e5548af935e53b97952d09c2616f96d9d360
package	mica-podman	amd64	5.8.6-1	5b2505b1d42248c39a3c9b22b4c2f4a7e97132234a0b4bdf1f08571da1fee3df
package	mica-podman	arm64	5.8.6-1	d9eb2513f6b5bede3f48283acf8a1ca8be6079779dd191c9e513360b283bf30e
