# mica-lock v1
release	mica-core	20260921-0726	275b72bcc1a23549babc7e549c56bc967b4fde99
pool	amd64	ghcr.io/micaoss/mica-core:pool.amd64.20260921-0726@sha256:6f2959c3991c2d44783c97b773f009c71476a91214b1f770d936b48e26dc987e
pool	arm64	ghcr.io/micaoss/mica-core:pool.arm64.20260921-0726@sha256:6860f386c2e2eec959b08604c164a01fe7b764d8424ca51abdb82d48331ab39c
package	mica-apid	amd64	0.1.0-3	b201c4f57914a04b9f69f80350bf026b3bf6e85de079e227db7e65ee935f678e
package	mica-apid	arm64	0.1.0-3	6ca17377ec59ab9d114da91d5a36b3e1f57417fe8c690ad6c141293ec9a15242
package	mica-deploy	amd64	0.1.0-4	ca14c88a0cd41ee856420f4ace750d2a526245610849ffbb6ca669fa9dd5118f
package	mica-deploy	arm64	0.1.0-4	3c6c8e9ff9a6e6d02c0aa4b4a59b6a93cea4b1cbd0d9b596e8d4fa04096f72f6
package	mica-lifecycle	amd64	0.1.0-4	e1653e6e7a5392f0f23a08b67ad7bcbc4ac84f184a59efe6347632c911c140ac
package	mica-lifecycle	arm64	0.1.0-4	ef35321330f775a1799b584b298608388fb0ba2b0607fd341cbd147e5a6b57e7
package	mica-mqtt-broker	amd64	0.1.0-2	96b3bcc3399ab18c10f6304545b6107dc549586fd09e5e8ba6763b1753e5f784
package	mica-mqtt-broker	arm64	0.1.0-2	0578622088fc969f505be5a297327de9b361ca92334e5c450fe10e94cfaeac4f
package	mica-mqttd	amd64	0.1.0-2	36a9e9c6ad5032406268be97c9a06890057888906a9f4c51deb9ca8e5b585700
package	mica-mqttd	arm64	0.1.0-2	d17ae71915ae2ffd79235b9328e42f84a146d77c10e2178355a4557a4d2a93b8
package	mica-sftp-server	amd64	0.1.0-1	7f753ba3005ed0e62347c944d5386b40514448eb0982ecf862020d746adab246
package	mica-sftp-server	arm64	0.1.0-1	0d63bf29b67639c540eac0e791e1efd153a94bb1af5d19f54bec9bd7ad636327
package	micad	amd64	0.1.0-2	7901691da1ad013c84339aa755e586b1e97f3af66a550e2c105b94c395793705
package	micad	arm64	0.1.0-2	9a115316fa65d3e43f5aec9f76635d44d1f825b9517b84447d3714dbf4cec2b2
