# mica-lock v1
release	mica-boards	virt-arm64.20260916-0558	0bfc0267eecd6087a7ccfb64854fd7d1be1c023c
pool	arm64	ghcr.io/micaoss/mica-boards:pool.virt-arm64.arm64.20260916-0558@sha256:8f9f15790109820caa0364b25bd35d539adcc7acbe02058a79dc36a570356f12
package	mica-board-virt-arm64	arm64	0.1.0-2	703db85df51bc97cd81627c1368b476b08759d41c5247e225c151d2dc00d909d
board	virt-arm64	board	arm64	ghcr.io/micaoss/mica-boards:board.virt-arm64.20260916-0558@sha256:f8bfa0e5d8c8ac7a8b1733ba8c610776b38ba2a03099c02251a8b27c5df1c190
board	virt-arm64	kernel	arm64	ghcr.io/micaoss/mica-boards:kernel.virt-arm64.20260916-0558@sha256:8b33864bcccb6503a375d6fb31d5b3cbf0f696bfc80149a7a42414f2f18fe874
