# mica-lock v1
release	mica-core	20261010-0316	ac04efcbb75f2c8bf307ebc23993a1d9c2a9cb68
pool	amd64	ghcr.io/micaoss/mica-core:pool.amd64.20261010-0316@sha256:344ecb81c663ba361981e44616687da14fa0417597a07351db5128f4b2a0da63
pool	arm64	ghcr.io/micaoss/mica-core:pool.arm64.20261010-0316@sha256:65a5eeacfcab9a1a0619eb7de88834cd36a18dd40dd87534edde88f6caeb37fb
package	mica-deploy	amd64	0.0.5-1	3609503fc7d4a3b45dbfdcaf4a03527864fbf3741aa388819b4c17ff95721f14
package	mica-deploy	arm64	0.0.5-1	e4a144cbd1d65b0c0c29609cfa8006e24203cc79c2d61f9b5af8cb0da9ddfd60
package	mica-lifecycle	amd64	0.0.5-1	f1ddcae92e9b5f7f630bf530e080c19524cee21bde9b4fd446d9804ba2f909ee
package	mica-lifecycle	arm64	0.0.5-1	28edb20ce1a02c7df2399eea7a322a836d159066d0eacd402710b9ec5c21a9d6
package	mica-mqtt-broker	amd64	0.0.5-1	9f5ad3ae0551e181e308b04296bb0b01b2c20209ab2d4a7c91518fc78a1a0be5
package	mica-mqtt-broker	arm64	0.0.5-1	71a6a70e47dc0d7eb4f81de23eb87bf33cbecd0d424385806946867ca84ce435
package	mica-mqttd	amd64	0.0.5-1	9efeff831c572c388d17ea70ce1875c62cc81d920b08903849f74638f5c69f6b
package	mica-mqttd	arm64	0.0.5-1	bc7e34f8afae03fcc51097e37f71e94c5a9eb826bdb748137b7a75deb1676726
package	mica-sftp-server	amd64	0.0.5-1	e23cc895a568be1dd912df4e6427d848134601a1e350e86e994db234e8c9e727
package	mica-sftp-server	arm64	0.0.5-1	a27dda9af1a9fb05a3df7a7bef02858c4cbedddab0489d76b90722551c2f9d17
item	core.img	mica-apid-ui	amd64	0.0.5	672b7e62c604be7fc806cf41df1e11d5e87ca7834b844568bbfe733e92407edc
item	core.img	mica-apid-ui	arm64	0.0.5	672b7e62c604be7fc806cf41df1e11d5e87ca7834b844568bbfe733e92407edc
item	core.img	micad	amd64	0.0.5	78afd8840d18604c459031ae784fcd1828802fcd580bc07068b9078a08a2a563
item	core.img	micad	arm64	0.0.5	ce61d4f2c868235d73c2763089e53d730fb0c4bff8d4e770219d6b8e9ac87e1a
item	core.json	mica-apid-ui	amd64	0.0.5	a16628a086c57b831a68f40cd7766d01e7a21c1a11a9a437c235d302004d8c2a
item	core.json	mica-apid-ui	arm64	0.0.5	f559984a30f07d99af62be2639173fe916df6f4d95eb31447e6ee65ddaf87d36
item	core.json	micad	amd64	0.0.5	8da8eecefb0ccc087c55e2479008096dad4fc69ac1b3196677ff909a4eb540d2
item	core.json	micad	arm64	0.0.5	ba48d06cb4fe0bc1f361432f78be51e44d8974b1c93633b5f89c4d00ee61ce1a
