# mica-lock v1
release	mica-boards	cx3576.20260920-1536	2bfa259e35bf60786cd1cba2af53fe563fbe2874
pool	arm64	ghcr.io/micaoss/mica-boards:pool.cx3576.arm64.20260920-1536@sha256:54bf49782b22979ca0f7014096f24c02d799cd45f2d8987fd288dfd63944cbf4
package	mica-bluetooth	arm64	0.1.0-2	b4aad99443c136b239453158dc4666e81f4ea1b101dad3a0bc77906d90bc9e7f
package	mica-board-cx3576	arm64	0.1.0-3	8a5ed0fab481d2076a4737f73aae6b45509f9f007efc69ecfb14dc7834cd850e
package	mica-wifi	arm64	0.1.0-2	041821f43b263cb4f23b02b36e5cf1fdd76875d6e4a699b9604891b1e0d5df55
package	mica-wifi-ap	arm64	0.1.0-2	90cd08d996b57663c3169fad40abf1093bf86b2b3043687b7a303ad6b605b2ae
board	cx3576	board	arm64	ghcr.io/micaoss/mica-boards:board.cx3576.20260920-1536@sha256:f8b842d1b841c91faedce2b1807ae31f7622d390471fc11c1b9bd9c741887ae8
board	cx3576	firmware	arm64	ghcr.io/micaoss/mica-boards:firmware.cx3576.20260920-1536@sha256:56969014e68abea65bd659dffeecf4185c5a8eb7a909fa374b9633d154bbd74e
board	cx3576	kernel	arm64	ghcr.io/micaoss/mica-boards:kernel.cx3576.20260920-1536@sha256:70131405c34d82edb477ec5f68ada3232805e1fa5ec9bd02f168ce1ad16e3f4d
board	cx3576	uboot	arm64	ghcr.io/micaoss/mica-boards:uboot.cx3576.20260920-1536@sha256:fae3ca2a53b5c56d1f5456bb5cccf1bb77699412a66753b741018877dc7229aa
