# mica-lock v1
# mica-system-base.lock: mica-system-base 20260926-1135, written when the release was published.
release	mica-system-base	20260926-1135	8610b35b13cfa590d5d156a8ddaddfe68f614a56
image	mica-system-base	rootfs	amd64	ghcr.io/micaoss/mica-system-base@sha256:455cd0c5a42cfe974eed099a54389f1788d7a7fc8199879b08fe1190bc287e25
image	mica-system-base	rootfs	arm64	ghcr.io/micaoss/mica-system-base@sha256:fbe2a32b1d057a178f89214eb4add0581c7dffd8585e61466bbde1a8a3324ec9
image	mica-system-base	rootfs	index	ghcr.io/micaoss/mica-system-base:rootfs.20260926-1135@sha256:002e2b7bd4de01dceff5dbacc8b2be81078ae68cd93eac38ec9c37a10a9a714b
pool	amd64	ghcr.io/micaoss/mica-system-base:pool.amd64.20260926-1135@sha256:7574476500f11b77b42fd080cb5f4488797961d29cfd599f62b8d8ca99fd5683
pool	arm64	ghcr.io/micaoss/mica-system-base:pool.arm64.20260926-1135@sha256:b0bb01acb568cf7ee179725aef30699328d81e4a2b9cc561f1635dfb96081220
package	mica-busybox	amd64	1.38.0-mica1	c7744bc1942d8d4d69c37e40ae2f83c9ab44663e047621f1af489ab40bb46ade
package	mica-busybox	arm64	1.38.0-mica1	9323b4563ef17b90ce6abdbb4eaef39dd82ac0362faee1ece59729bc146d2522
package	mica-ca-trust	amd64	20250419-mica2	d9e5c2db4f97645e1cf817ef486be94be08e67abfd903477fa7719b1e9aa0bcb
package	mica-ca-trust	arm64	20250419-mica2	d9e5c2db4f97645e1cf817ef486be94be08e67abfd903477fa7719b1e9aa0bcb
package	mica-ssh	amd64	1.0.0-2	e08f4ba4d56f3a55f75a0c910fc14352befec013597a7fe9736b5792b1cd01a5
package	mica-ssh	arm64	1.0.0-2	e08f4ba4d56f3a55f75a0c910fc14352befec013597a7fe9736b5792b1cd01a5
package	mica-system	amd64	1.1.0-1	4528ce4b9848a5e1a4af09ab5bdbb7e4af0b1f97313509b1b08255d4f1ed494d
package	mica-system	arm64	1.1.0-1	4528ce4b9848a5e1a4af09ab5bdbb7e4af0b1f97313509b1b08255d4f1ed494d
package	mica-systemd-boot	amd64	257.13-mica1	054bbb71b0914fddcb2832ffe5a07f632c748c603e30da240187f21312b8cc1a
package	mica-systemd-boot	arm64	257.13-mica1	8a745830728bbd58c911d7897fdfae9829633da7e21f3c55c5bc46d48807c92c
package	mica-tzdata	amd64	2026c-mica1	a324828cce6421e2d7bb0a7112468b969ffd56fa41c5a34c4863e2cb7a62e71a
package	mica-tzdata	arm64	2026c-mica1	a324828cce6421e2d7bb0a7112468b969ffd56fa41c5a34c4863e2cb7a62e71a
package	mica-wifi	amd64	2.12-mica1	9fedd8582ae3323266b13649615f96efa4b6e029a1b982fb7dda51a89f3c4674
package	mica-wifi	arm64	2.12-mica1	ddb2910482cef72c464f91473639336533ba466660829ba8ff54c741dce24b86
package	mica-wifi-ap	amd64	2.12-mica1	4849e7bb082dca1e4dd228398c0d98988833d4e607ab46ceae8f5182c50065ce
package	mica-wifi-ap	arm64	2.12-mica1	83a8c1c7b19e2e2dcb8b3712b1a03317aa53f9bfeb8bd992e5b16b90f639c7f7
upstream	adduser	amd64	3.152	e50984d2e1ef6300e3fd51303839842189a077b10cb5cadff1923df10c61c493	https://snapshot.debian.org/archive/debian/20260926T000000Z/pool/main/a/adduser/adduser_3.152_all.deb	bluez
upstream	adduser	arm64	3.152	e50984d2e1ef6300e3fd51303839842189a077b10cb5cadff1923df10c61c493	https://snapshot.debian.org/archive/debian/20260926T000000Z/pool/main/a/adduser/adduser_3.152_all.deb	bluez
upstream	alsa-utils	amd64	1.2.14-1	1e2b5f31fc826e1af25e2a12e37cd8d361ff25feaf224c6bbef3cc5d6cd2596b	https://snapshot.debian.org/archive/debian/20260926T000000Z/pool/main/a/alsa-utils/alsa-utils_1.2.14-1_amd64.deb	alsa-utils
upstream	alsa-utils	arm64	1.2.14-1	485fdd5ff4232fcc761ee4ca2f6e8be7572783e696a0d595ccffcba324db1026	https://snapshot.debian.org/archive/debian/20260926T000000Z/pool/main/a/alsa-utils/alsa-utils_1.2.14-1_arm64.deb	alsa-utils
upstream	bash	amd64	5.2.37-2+b10	2fd7b04f1b7caa29c4e683f5216e6af354a41e3cdcf6e75394d7cda680f9ab82	https://snapshot.debian.org/archive/debian/20260926T000000Z/pool/main/b/bash/bash_5.2.37-2+b10_amd64.deb	bash
upstream	bash	arm64	5.2.37-2+b10	9e2d2b3646b250f53be79b6128d9cff5e99cc5ff4a8c84e58efab59ad9bb0ddc	https://snapshot.debian.org/archive/debian/20260926T000000Z/pool/main/b/bash/bash_5.2.37-2+b10_arm64.deb	bash
upstream	bluez	amd64	5.82-1.1	64a680d95abb11cf02f8170b2d57115dbdee4738a6163c2cf25021f546bce8ac	https://snapshot.debian.org/archive/debian/20260926T000000Z/pool/main/b/bluez/bluez_5.82-1.1_amd64.deb	bluez
upstream	bluez	arm64	5.82-1.1	be1d24dd87fd6cd1b45431cd517bf103fffec026aee42fbeab3533633b546ac4	https://snapshot.debian.org/archive/debian/20260926T000000Z/pool/main/b/bluez/bluez_5.82-1.1_arm64.deb	bluez
upstream	coreutils	amd64	9.7-3	1299ab6f9389a288eb2f5f3dd222c26cc777b9a2d5ecb6ee4cbd340cebcdada2	https://snapshot.debian.org/archive/debian/20260926T000000Z/pool/main/c/coreutils/coreutils_9.7-3_amd64.deb	coreutils
upstream	coreutils	arm64	9.7-3	99b2531e8d16e4f2d3f239ae3cb57913ec1f43764d2d6cd5c69154cbb1e57f3e	https://snapshot.debian.org/archive/debian/20260926T000000Z/pool/main/c/coreutils/coreutils_9.7-3_arm64.deb	coreutils
upstream	diffutils	amd64	1:3.10-4	d3412669f7ae53ba895c3a509620ea7494ec1a36faa204c5215442ced381a479	https://snapshot.debian.org/archive/debian/20260926T000000Z/pool/main/d/diffutils/diffutils_3.10-4_amd64.deb	diffutils
upstream	diffutils	arm64	1:3.10-4	85cfb5576fa43ba2bd2047c53140fb465b929753048e53eb0fe6482ed343a5b9	https://snapshot.debian.org/archive/debian/20260926T000000Z/pool/main/d/diffutils/diffutils_3.10-4_arm64.deb	diffutils
upstream	dmsetup	amd64	2:1.02.205-2	4771f7ab0a907a8e5d02a6358ff016ae7cb49124906bada02fa882e141b615a0	https://snapshot.debian.org/archive/debian/20260926T000000Z/pool/main/l/lvm2/dmsetup_1.02.205-2_amd64.deb	dmsetup
upstream	dmsetup	arm64	2:1.02.205-2	f802c1ec2d6f45a6544f09c5da72f9688e06208d12bb76ac9b25f2cfa8033306	https://snapshot.debian.org/archive/debian/20260926T000000Z/pool/main/l/lvm2/dmsetup_1.02.205-2_arm64.deb	dmsetup
upstream	dropbear-bin	amd64	2025.89-1~deb13u1	1ddbd76749c7076097fb899eaf55f0a398d6f62799a6000501b32ed7b5d9257b	https://snapshot.debian.org/archive/debian/20260926T000000Z/pool/main/d/dropbear/dropbear-bin_2025.89-1~deb13u1_amd64.deb	dropbear-bin
upstream	dropbear-bin	arm64	2025.89-1~deb13u1	1cfab9f1d5dbf89a8ad790cafe5585a8e08a7c0e0ce098c7a89f957a6428976e	https://snapshot.debian.org/archive/debian/20260926T000000Z/pool/main/d/dropbear/dropbear-bin_2025.89-1~deb13u1_arm64.deb	dropbear-bin
upstream	findutils	amd64	4.10.0-3	3edf02b016456b6a98cefdbab99c5ce6f829b786f63affe970badea221aecfc7	https://snapshot.debian.org/archive/debian/20260926T000000Z/pool/main/f/findutils/findutils_4.10.0-3_amd64.deb	findutils
upstream	findutils	arm64	4.10.0-3	c8b505ce907c293031095b3a237cb231967963b1d5aa8b1699aff45ccec3158a	https://snapshot.debian.org/archive/debian/20260926T000000Z/pool/main/f/findutils/findutils_4.10.0-3_arm64.deb	findutils
upstream	grep	amd64	3.11-4	2d78ed07d86a530ebf538f05cb2415f37c8daf908596bc32fc2563cc7e88c55a	https://snapshot.debian.org/archive/debian/20260926T000000Z/pool/main/g/grep/grep_3.11-4_amd64.deb	grep
upstream	grep	arm64	3.11-4+b1	6f7257fbec0197bd54b2347861ff01e2c4e8411790b0df20242483615324fe66	https://snapshot.debian.org/archive/debian/20260926T000000Z/pool/main/g/grep/grep_3.11-4+b1_arm64.deb	grep
upstream	gzip	amd64	1.13-1+deb13u1	74cf12212beee4ab8d473bdc0107abf9e8cef737492198e2f4944a19f142b0ac	https://snapshot.debian.org/archive/debian/20260926T000000Z/pool/main/g/gzip/gzip_1.13-1+deb13u1_amd64.deb	gzip
upstream	gzip	arm64	1.13-1+deb13u1	02f83e5b4351ab4caa54f0405a334943dcd4986fdce740072bbda7b3c844e1f6	https://snapshot.debian.org/archive/debian/20260926T000000Z/pool/main/g/gzip/gzip_1.13-1+deb13u1_arm64.deb	gzip
upstream	iw	amd64	6.9-1	61c0848fe4c98718f1f1ad7526ae4858d91f85e3139f0e723bed4bc2aa729422	https://snapshot.debian.org/archive/debian/20260926T000000Z/pool/main/i/iw/iw_6.9-1_amd64.deb	iw
upstream	iw	arm64	6.9-1+b1	dcacc4fb0a002b313effb1f5bb81adf14aca83eed9043bc97acf9e8b437c3d93	https://snapshot.debian.org/archive/debian/20260926T000000Z/pool/main/i/iw/iw_6.9-1+b1_arm64.deb	iw
upstream	kmod	amd64	34.2-2	d56f9311beb17cd15447d11d91fd4de94d23a47d4619e8806b1b807b40c72e53	https://snapshot.debian.org/archive/debian/20260926T000000Z/pool/main/k/kmod/kmod_34.2-2_amd64.deb	alsa-utils,bluez,kmod
upstream	kmod	arm64	34.2-2	fd7300fcb8b93cc5f77aa439ee539ceb8050f5cf1d22d86e85179d04f7de5b6f	https://snapshot.debian.org/archive/debian/20260926T000000Z/pool/main/k/kmod/kmod_34.2-2_arm64.deb	alsa-utils,bluez,kmod
upstream	libasound2-data	amd64	1.2.14-1+deb13u1	04688afdff3769c0f685541daed7b2f6f0cb946799ddf1d5847ddf11fe245559	https://snapshot.debian.org/archive/debian/20260926T000000Z/pool/main/a/alsa-lib/libasound2-data_1.2.14-1+deb13u1_all.deb	alsa-utils,bluez,libasound2t64
upstream	libasound2-data	arm64	1.2.14-1+deb13u1	04688afdff3769c0f685541daed7b2f6f0cb946799ddf1d5847ddf11fe245559	https://snapshot.debian.org/archive/debian/20260926T000000Z/pool/main/a/alsa-lib/libasound2-data_1.2.14-1+deb13u1_all.deb	alsa-utils,bluez,libasound2t64
upstream	libasound2t64	amd64	1.2.14-1+deb13u1	5495496142d57e5ad6d581ac5456ec3c87f872c109a2bfb815d154b673eebc67	https://snapshot.debian.org/archive/debian/20260926T000000Z/pool/main/a/alsa-lib/libasound2t64_1.2.14-1+deb13u1_amd64.deb	alsa-utils,bluez,libasound2t64
upstream	libasound2t64	arm64	1.2.14-1+deb13u1	9c808d819ccddc37c793dd3186c2ecd858b2feb2474cebb883f70386e7890d39	https://snapshot.debian.org/archive/debian/20260926T000000Z/pool/main/a/alsa-lib/libasound2t64_1.2.14-1+deb13u1_arm64.deb	alsa-utils,bluez,libasound2t64
upstream	libatomic1	amd64	14.2.0-19	212b399aae2f7299203d261a57e49372e09565a9a5ea971905f94a3960366c05	https://snapshot.debian.org/archive/debian/20260926T000000Z/pool/main/g/gcc-14/libatomic1_14.2.0-19_amd64.deb	bluez,libatomic1,libglib2.0-0t64
upstream	libatomic1	arm64	14.2.0-19	7ccff90234484bf21ae5ecb79d25b6a84b2f4038f65dd139085b2e3a937cd8dc	https://snapshot.debian.org/archive/debian/20260926T000000Z/pool/main/g/gcc-14/libatomic1_14.2.0-19_arm64.deb	bluez,libatomic1,libglib2.0-0t64
upstream	libatopology2t64	amd64	1.2.14-1+deb13u1	7d114f94eb8739a7328e3b6ca3447c7bb78f02a4d1a48d1a3967a5686254e990	https://snapshot.debian.org/archive/debian/20260926T000000Z/pool/main/a/alsa-lib/libatopology2t64_1.2.14-1+deb13u1_amd64.deb	alsa-utils
upstream	libatopology2t64	arm64	1.2.14-1+deb13u1	8e9dd1458d0b990f6391c0612e38a26adba4fdc138a6a911be905acc9e499ccd	https://snapshot.debian.org/archive/debian/20260926T000000Z/pool/main/a/alsa-lib/libatopology2t64_1.2.14-1+deb13u1_arm64.deb	alsa-utils
upstream	libdevmapper1.02.1	amd64	2:1.02.205-2	e924e0df8823987f271b7d3a375dc2f8adcd76db66f09d0273043c885edb0af0	https://snapshot.debian.org/archive/debian/20260926T000000Z/pool/main/l/lvm2/libdevmapper1.02.1_1.02.205-2_amd64.deb	dmsetup
upstream	libdevmapper1.02.1	arm64	2:1.02.205-2	4d783b235eb9857ec96fabd0f161a84426706d079ec82ef5a91cbbf9dd644904	https://snapshot.debian.org/archive/debian/20260926T000000Z/pool/main/l/lvm2/libdevmapper1.02.1_1.02.205-2_arm64.deb	dmsetup
upstream	libdw1t64	amd64	0.192-4	6b41d3895b40eff429dd8013f0c13b6e26371a26491f414dbf66ba86c4c2c3f1	https://snapshot.debian.org/archive/debian/20260926T000000Z/pool/main/e/elfutils/libdw1t64_0.192-4_amd64.deb	bluez,libdw1t64
upstream	libdw1t64	arm64	0.192-4	67efcbd99255a3468f6612a7719083ea1bed967d0bfae39863b5f0e190e0c5ec	https://snapshot.debian.org/archive/debian/20260926T000000Z/pool/main/e/elfutils/libdw1t64_0.192-4_arm64.deb	bluez,libdw1t64
upstream	libedit2	amd64	3.1-20250104-1	b002ea172b9c1e34a67bc497c523c67bb74c3f0a4e98113cb083990a1f1d3bfe	https://snapshot.debian.org/archive/debian/20260926T000000Z/pool/main/libe/libedit/libedit2_3.1-20250104-1_amd64.deb	nftables
upstream	libedit2	arm64	3.1-20250104-1	496c31df89fac9cb7e98102fcc21daf887376dcd9914f6322c86dd5bd4360ff1	https://snapshot.debian.org/archive/debian/20260926T000000Z/pool/main/libe/libedit/libedit2_3.1-20250104-1_arm64.deb	nftables
upstream	libelf1t64	amd64	0.192-4	94497b7e17b6f574a0605b380d454e20d3f01a9c63b70c2a2263f679d30053e1	https://snapshot.debian.org/archive/debian/20260926T000000Z/pool/main/e/elfutils/libelf1t64_0.192-4_amd64.deb	bluez,libdw1t64
upstream	libelf1t64	arm64	0.192-4	815b4265c7d6c89c5bbad456bdeed7af893da6912c9d16cf4c581001927c0e37	https://snapshot.debian.org/archive/debian/20260926T000000Z/pool/main/e/elfutils/libelf1t64_0.192-4_arm64.deb	bluez,libdw1t64
upstream	libffi8	amd64	3.4.8-2	0ebdc340de33333639c3c63874cd4b15ac2e83dfa1ef3053b7eefaf4919f4f68	https://snapshot.debian.org/archive/debian/20260926T000000Z/pool/main/libf/libffi/libffi8_3.4.8-2_amd64.deb	bluez,libglib2.0-0t64
upstream	libffi8	arm64	3.4.8-2	d84a783b818f2386627604e64b793eb4ac5bb9ea1ba321a194a1c9c82fe09a01	https://snapshot.debian.org/archive/debian/20260926T000000Z/pool/main/libf/libffi/libffi8_3.4.8-2_arm64.deb	bluez,libglib2.0-0t64
upstream	libfftw3-single3	amd64	3.3.10-2+b1	cb1910b561a4c475a8005ae1b604d1f5fd9d22114292f45e258ce4a160300e01	https://snapshot.debian.org/archive/debian/20260926T000000Z/pool/main/f/fftw3/libfftw3-single3_3.3.10-2+b1_amd64.deb	alsa-utils
upstream	libfftw3-single3	arm64	3.3.10-2+b1	874b10ccab6219bcae210cc9ff9298389e266ad7308be086956c859ae1aa8ba5	https://snapshot.debian.org/archive/debian/20260926T000000Z/pool/main/f/fftw3/libfftw3-single3_3.3.10-2+b1_arm64.deb	alsa-utils
upstream	libglib2.0-0t64	amd64	2.84.4-3~deb13u5	e2baf92c57d1db1753e5781a61450d9a01e7833c7bd2dfe87776a6811c11ecc2	https://snapshot.debian.org/archive/debian/20260926T000000Z/pool/main/g/glib2.0/libglib2.0-0t64_2.84.4-3~deb13u5_amd64.deb	bluez,libglib2.0-0t64
upstream	libglib2.0-0t64	arm64	2.84.4-3~deb13u5	d446f0ea85fb9dc411219ce861e59e5eabe1981c796918771a7d2aa97cc72481	https://snapshot.debian.org/archive/debian/20260926T000000Z/pool/main/g/glib2.0/libglib2.0-0t64_2.84.4-3~deb13u5_arm64.deb	bluez,libglib2.0-0t64
upstream	libgomp1	amd64	14.2.0-19	72b7a1a33c48f3195efeb044111b34ae684b1e640bb6495c832443b798601cd5	https://snapshot.debian.org/archive/debian/20260926T000000Z/pool/main/g/gcc-14/libgomp1_14.2.0-19_amd64.deb	alsa-utils
upstream	libgomp1	arm64	14.2.0-19	43e84cb7971d8a4d8870cab6204e998ea4f23ee1339bb0ff556dd881bac82d25	https://snapshot.debian.org/archive/debian/20260926T000000Z/pool/main/g/gcc-14/libgomp1_14.2.0-19_arm64.deb	alsa-utils
upstream	libjansson4	amd64	2.14-2+b3	60707a62fe6c1228c3389b12a13ca4efd76defc5532473e547a29e99cf7d2a6e	https://snapshot.debian.org/archive/debian/20260926T000000Z/pool/main/j/jansson/libjansson4_2.14-2+b3_amd64.deb	nftables
upstream	libjansson4	arm64	2.14-2+b3	7938472b1ddfa8b0c8f58d5f44406ae7a77a342dbb502a02f6bf292b4f853ab0	https://snapshot.debian.org/archive/debian/20260926T000000Z/pool/main/j/jansson/libjansson4_2.14-2+b3_arm64.deb	nftables
upstream	libjson-c5	amd64	0.18+ds-1	4fbd5fb4d54c626f05d68abf38a31533fbf1bf4a87068696abe041ee9c974fe0	https://snapshot.debian.org/archive/debian/20260926T000000Z/pool/main/j/json-c/libjson-c5_0.18+ds-1_amd64.deb	libjson-c5
upstream	libjson-c5	arm64	0.18+ds-1	f631829107005b15c2ca5c48ac74bc2df437c7eb608756eb865b147985f7bb45	https://snapshot.debian.org/archive/debian/20260926T000000Z/pool/main/j/json-c/libjson-c5_0.18+ds-1_arm64.deb	libjson-c5
upstream	libmnl0	amd64	1.0.5-3	4ec9c1096e0b954e3bdb03a62314ee7f49999045d3d55be3e4ded520ffc9baf5	https://snapshot.debian.org/archive/debian/20260926T000000Z/pool/main/libm/libmnl/libmnl0_1.0.5-3_amd64.deb	nftables
upstream	libmnl0	arm64	1.0.5-3	f21bb29056e9ede0031cc411ffa3b1272858fa4b950e1cd9e50756c5c2ece97f	https://snapshot.debian.org/archive/debian/20260926T000000Z/pool/main/libm/libmnl/libmnl0_1.0.5-3_arm64.deb	nftables
upstream	libncursesw6	amd64	6.5+20250216-2	47baa2e11579583654583a066b69bd5a5d2f22423081f707ed6c0c3ba6d538b7	https://snapshot.debian.org/archive/debian/20260926T000000Z/pool/main/n/ncurses/libncursesw6_6.5+20250216-2_amd64.deb	alsa-utils,procps
upstream	libncursesw6	arm64	6.5+20250216-2	72121aeb08be2d915da321ddfae74f62a0764286f336279b2c2609ba07496d6d	https://snapshot.debian.org/archive/debian/20260926T000000Z/pool/main/n/ncurses/libncursesw6_6.5+20250216-2_arm64.deb	alsa-utils,procps
upstream	libnftables1	amd64	1.1.3-1	c7cbee3dce8452ae5c3c4269f6f52e96b896d36a46ea3c490e0e11e8ff359896	https://snapshot.debian.org/archive/debian/20260926T000000Z/pool/main/n/nftables/libnftables1_1.1.3-1_amd64.deb	nftables
upstream	libnftables1	arm64	1.1.3-1	260b0790a8f567ef27d293e15c722d867de113d579c330be17d13354cd61c356	https://snapshot.debian.org/archive/debian/20260926T000000Z/pool/main/n/nftables/libnftables1_1.1.3-1_arm64.deb	nftables
upstream	libnftnl11	amd64	1.2.9-1	1b3eae46bfb9c6ab44e404797fb45278045f926d73974a84097ad47a3e27d983	https://snapshot.debian.org/archive/debian/20260926T000000Z/pool/main/libn/libnftnl/libnftnl11_1.2.9-1_amd64.deb	nftables
upstream	libnftnl11	arm64	1.2.9-1	070278465783af9f3c38a9465d3dec8ad51468a87b8c3a52f6451d4e95e08875	https://snapshot.debian.org/archive/debian/20260926T000000Z/pool/main/libn/libnftnl/libnftnl11_1.2.9-1_arm64.deb	nftables
upstream	libproc2-0	amd64	2:4.0.4-9	c9d61caab1b2ddfc3f17edb95be31b9809fcb2daf27d853dff615bc4ebd08b4b	https://snapshot.debian.org/archive/debian/20260926T000000Z/pool/main/p/procps/libproc2-0_4.0.4-9_amd64.deb	procps
upstream	libproc2-0	arm64	2:4.0.4-9	e81069b58fe82223c71fcd74c760cb0fd3b0e61792fbaf2e5675fd948dc16dba	https://snapshot.debian.org/archive/debian/20260926T000000Z/pool/main/p/procps/libproc2-0_4.0.4-9_arm64.deb	procps
upstream	libreadline8t64	amd64	8.2-6	eeadf2b5e755c9f183883feea2d9b5b28560284275d5f54d3e55d0923b1d0967	https://snapshot.debian.org/archive/debian/20260926T000000Z/pool/main/r/readline/libreadline8t64_8.2-6_amd64.deb	bluez,libreadline8t64
upstream	libreadline8t64	arm64	8.2-6	f78ff432b2a627bc04f7eef0e6e2696501c9e06feca748a5b741d5e594429033	https://snapshot.debian.org/archive/debian/20260926T000000Z/pool/main/r/readline/libreadline8t64_8.2-6_arm64.deb	bluez,libreadline8t64
upstream	libsamplerate0	amd64	0.2.2-4+b2	2665417fa996c1e249dbaa65c32305ac666e5ae865fad0f109b629935ec0bd18	https://snapshot.debian.org/archive/debian/20260926T000000Z/pool/main/libs/libsamplerate/libsamplerate0_0.2.2-4+b2_amd64.deb	alsa-utils
upstream	libsamplerate0	arm64	0.2.2-4+b2	5d9fad694b249d48d8457e1242ab60e04db6a30d7d56f80c6ae463ff122147ec	https://snapshot.debian.org/archive/debian/20260926T000000Z/pool/main/libs/libsamplerate/libsamplerate0_0.2.2-4+b2_arm64.deb	alsa-utils
upstream	libsubid5	amd64	1:4.17.4-2	4d4faef8143c117a055a9041a7e99f8ba014c420a9b6e2fef5c693482581a204	https://snapshot.debian.org/archive/debian/20260926T000000Z/pool/main/s/shadow/libsubid5_4.17.4-2_amd64.deb	libsubid5
upstream	libsubid5	arm64	1:4.17.4-2	0cbd234e3e1afad8195cf12d87c7eb820a3e55b252e48da930cd9f0df3e787c1	https://snapshot.debian.org/archive/debian/20260926T000000Z/pool/main/s/shadow/libsubid5_4.17.4-2_arm64.deb	libsubid5
upstream	libtomcrypt1	amd64	1.18.2+dfsg-7+b2	704174c153914d76b8924f35113042f437abddd7f281da9fca8861defb707a01	https://snapshot.debian.org/archive/debian/20260926T000000Z/pool/main/libt/libtomcrypt/libtomcrypt1_1.18.2+dfsg-7+b2_amd64.deb	dropbear-bin
upstream	libtomcrypt1	arm64	1.18.2+dfsg-7+b2	30c14959f4ae9ba1b41dab47f6d7ca212b7cf45ce340d1a3a52e1fd25a5b643b	https://snapshot.debian.org/archive/debian/20260926T000000Z/pool/main/libt/libtomcrypt/libtomcrypt1_1.18.2+dfsg-7+b2_arm64.deb	dropbear-bin
upstream	libtommath1	amd64	1.3.0-1	0e6025c5c3c07c7055993eb23fd1eb8e55ec037ef46eca2e7622825e85f56a60	https://snapshot.debian.org/archive/debian/20260926T000000Z/pool/main/libt/libtommath/libtommath1_1.3.0-1_amd64.deb	dropbear-bin
upstream	libtommath1	arm64	1.3.0-1	7e53ae5d16d06801b1c0c88e2fcb3b38e08d76aa3855bcbd6abc8e9639cb6945	https://snapshot.debian.org/archive/debian/20260926T000000Z/pool/main/libt/libtommath/libtommath1_1.3.0-1_arm64.deb	dropbear-bin
upstream	libxtables12	amd64	1.8.11-2	4de5aa59faef5e98d6ba9f5f521a915be5641f224f597862f8d29e8319e8db16	https://snapshot.debian.org/archive/debian/20260926T000000Z/pool/main/i/iptables/libxtables12_1.8.11-2_amd64.deb	nftables
upstream	libxtables12	arm64	1.8.11-2	b200a559a4ae1b4ebcee4fb0fcaef6a16ef01abbe3da8887de15e800b1a6440d	https://snapshot.debian.org/archive/debian/20260926T000000Z/pool/main/i/iptables/libxtables12_1.8.11-2_arm64.deb	nftables
upstream	login	amd64	1:4.16.0-2+really2.41.5-0+deb13u1	8fc5869532a73d577c4abb5ed917e048bbd72148702ea1dcadd3817064f3e887	https://snapshot.debian.org/archive/debian/20260926T000000Z/pool/main/u/util-linux/login_4.16.0-2+really2.41.5-0+deb13u1_amd64.deb	login
upstream	login	arm64	1:4.16.0-2+really2.41.5-0+deb13u1	c0bc34268bc1528b627f8c0cfe1e6d9ca7b4dd00428690a63f1d1b0adb5dc508	https://snapshot.debian.org/archive/debian/20260926T000000Z/pool/main/u/util-linux/login_4.16.0-2+really2.41.5-0+deb13u1_arm64.deb	login
upstream	nftables	amd64	1.1.3-1	2ddfa61baaf3a76e2c499db9e521ba6affb226f85af0b6fef739f346ac5f0c39	https://snapshot.debian.org/archive/debian/20260926T000000Z/pool/main/n/nftables/nftables_1.1.3-1_amd64.deb	nftables
upstream	nftables	arm64	1.1.3-1	6cced5fccfbd80a25dfbd4bd17cc16372d08cb76c9d1159532ba0f668aa77c37	https://snapshot.debian.org/archive/debian/20260926T000000Z/pool/main/n/nftables/nftables_1.1.3-1_arm64.deb	nftables
upstream	procps	amd64	2:4.0.4-9	4db90bb6776772fc52585d6b1fbfc52ec2a85480e1b4363b743fbb2ffa2a5375	https://snapshot.debian.org/archive/debian/20260926T000000Z/pool/main/p/procps/procps_4.0.4-9_amd64.deb	procps
upstream	procps	arm64	2:4.0.4-9	9afd4ad2e8da92322715114fb9555c63ce92f6c72bf72867e76ab2d6a7a3b541	https://snapshot.debian.org/archive/debian/20260926T000000Z/pool/main/p/procps/procps_4.0.4-9_arm64.deb	procps
upstream	readline-common	amd64	8.2-6	f77e8aa0bf0de618f11cb0b21658a4ed60f177d63b3cf26d7fc3706b6d0eaaa9	https://snapshot.debian.org/archive/debian/20260926T000000Z/pool/main/r/readline/readline-common_8.2-6_all.deb	bluez,libreadline8t64,readline-common
upstream	readline-common	arm64	8.2-6	f77e8aa0bf0de618f11cb0b21658a4ed60f177d63b3cf26d7fc3706b6d0eaaa9	https://snapshot.debian.org/archive/debian/20260926T000000Z/pool/main/r/readline/readline-common_8.2-6_all.deb	bluez,libreadline8t64,readline-common
upstream	rfkill	amd64	2.41.5-0+deb13u1	a3aa5a05997bed2b306168b0281226300fc816486537fa240861494058adbaad	https://snapshot.debian.org/archive/debian/20260926T000000Z/pool/main/u/util-linux/rfkill_2.41.5-0+deb13u1_amd64.deb	rfkill
upstream	rfkill	arm64	2.41.5-0+deb13u1	fff3ad793f7193c7e90fe48718b485240b42e694523e7c25080a004e02579d0b	https://snapshot.debian.org/archive/debian/20260926T000000Z/pool/main/u/util-linux/rfkill_2.41.5-0+deb13u1_arm64.deb	rfkill
upstream	sed	amd64	4.9-2+deb13u1	7071270ed4f6adda55bc4f926347fb847bacaffbdee3dff917bc6006ed7e3775	https://snapshot.debian.org/archive/debian/20260926T000000Z/pool/main/s/sed/sed_4.9-2+deb13u1_amd64.deb	sed
upstream	sed	arm64	4.9-2+deb13u1	c654fa045de8cc722855b8db59990b703cb7299c897c6e187bf949d42df82b62	https://snapshot.debian.org/archive/debian/20260926T000000Z/pool/main/s/sed/sed_4.9-2+deb13u1_arm64.deb	sed
apt	https://snapshot.debian.org/archive/debian/20260926T000000Z	trixie	main	/usr/share/keyrings/debian-archive-keyring.gpg
data	unowned.amd64	mica-system-base-unowned.amd64.tsv	66c416f8a127b6b061c6faabcb9743a92eb09c9daa7a897e57a3f26677e5d6d0
data	unowned.arm64	mica-system-base-unowned.arm64.tsv	bc2c8f2f07b0dcab4189ea1f46a9386c85e07e7e3e10c7b4dc58d108c301059c
