# mica-lock v1
release	mica-boards	cx3576/20260914-2042	0123456789abcdef0123456789abcdef01234567
pool	arm64	ghcr.io/micaoss/mica-boards:pool.cx3576.arm64.20260914-2042@sha256:bbbbbbbbbbbbbbbbbbbbbbbbbbbbbbbbbbbbbbbbbbbbbbbbbbbbbbbbbbbbbbbb
package	mica-board-cx3576	arm64	0.1.0+git0123456789ab-1	3333333333333333333333333333333333333333333333333333333333333333
package	mica-wifi	arm64	0.1.0+git0123456789ab-1	2222222222222222222222222222222222222222222222222222222222222222
board	cx3576	arm64	ghcr.io/micaoss/mica-boards:board.cx3576.20260914-2042@sha256:cccccccccccccccccccccccccccccccccccccccccccccccccccccccccccccccc
